
Microsoft Visual Studio Solution File, Format Version 12.00
# Visual Studio Version 17
VisualStudioVersion = 17.14.36518.9
MinimumVisualStudioVersion = 10.0.40219.1
Project("{FAE04EC0-301F-11D3-BF4B-00C04F79EFBC}") = "NewLook", "NewLook.csproj", "{11BAA269-A801-4CC2-B0E3-F1A784A4CB38}"
EndProject
Global
	GlobalSection(SolutionConfigurationPlatforms) = preSolution
		Debug|Any CPU = Debug|Any CPU
		Release|Any CPU = Release|Any CPU
	EndGlobalSection
	GlobalSection(ProjectConfigurationPlatforms) = postSolution
		{11BAA269-A801-4CC2-B0E3-F1A784A4CB38}.Debug|Any CPU.ActiveCfg = Debug|Any CPU
		{11BAA269-A801-4CC2-B0E3-F1A784A4CB38}.Debug|Any CPU.Build.0 = Debug|Any CPU
		{11BAA269-A801-4CC2-B0E3-F1A784A4CB38}.Release|Any CPU.ActiveCfg = Release|Any CPU
		{11BAA269-A801-4CC2-B0E3-F1A784A4CB38}.Release|Any CPU.Build.0 = Release|Any CPU
	EndGlobalSection
	GlobalSection(SolutionProperties) = preSolution
		HideSolutionNode = FALSE
	EndGlobalSection
	GlobalSection(ExtensibilityGlobals) = postSolution
		SolutionGuid = {F8755DBF-B512-456F-B3CC-59432333E032}
	EndGlobalSection
EndGlobal
